
Microsoft Visual Studio Solution File, Format Version 12.00
# Visual Studio Version 16
VisualStudioVersion = 16.0.29326.143
MinimumVisualStudioVersion = 10.0.40219.1
Project("{9A19103F-16F7-4668-BE54-9A1E7A4F7556}") = "ShibugakiViewer", "ShibugakiViewer\ShibugakiViewer.csproj", "{7379BEF1-334D-4813-B05B-8DD3F2C78A72}"
EndProject
Project("{9A19103F-16F7-4668-BE54-9A1E7A4F7556}") = "CsCommon", "CsCommon\CsCommon.csproj", "{9A62453D-F642-4BEB-8AF1-CFF0AC6017ED}"
EndProject
Project("{9A19103F-16F7-4668-BE54-9A1E7A4F7556}") = "WpfTools", "WpfTools\WpfTools.csproj", "{372BB713-A979-49BF-9B21-59BAC031A301}"
EndProject
Project("{9A19103F-16F7-4668-BE54-9A1E7A4F7556}") = "Database", "Database\Database.csproj", "{5D5335D8-36DC-4888-81AF-FC3C53122B4F}"
EndProject
Project("{9A19103F-16F7-4668-BE54-9A1E7A4F7556}") = "ImageLibrary", "ImageLibrary\ImageLibrary.csproj", "{538B3A4D-3EDE-4A5C-865F-7619E7A75977}"
EndProject
Project("{9A19103F-16F7-4668-BE54-9A1E7A4F7556}") = "Test", "Test\Test.csproj", "{B4283335-0687-43A7-ADBB-6E1DCFB083F3}"
EndProject
Project("{9A19103F-16F7-4668-BE54-9A1E7A4F7556}") = "ShibugakiViewer.Settings", "ShibugakiViewer.Settings\ShibugakiViewer.Settings.csproj", "{4BF7A971-6C55-487C-BA74-4E9A46A2BFEB}"
EndProject
Project("{9A19103F-16F7-4668-BE54-9A1E7A4F7556}") = "ShibugakiViewer.Backup", "ShibugakiViewer.Backup\ShibugakiViewer.Backup.csproj", "{8E92C1AE-45A2-4559-B344-E013FDD2F950}"
EndProject
Project("{9A19103F-16F7-4668-BE54-9A1E7A4F7556}") = "LibraryConverter", "LibraryConverter\LibraryConverter.csproj", "{792694F6-4F73-46F4-B88D-108DA9418CF1}"
EndProject
Project("{9A19103F-16F7-4668-BE54-9A1E7A4F7556}") = "WebpWrapperNetCore", "WebpWrapperNetCore\WebpWrapperNetCore.csproj", "{B03B4B85-C79A-4C80-9896-1417732FD5CC}"
EndProject
Project("{FAE04EC0-301F-11D3-BF4B-00C04F79EFBC}") = "ShibugakiViewer.Launcher", "ShibugakiViewer.Launcher\ShibugakiViewer.Launcher.csproj", "{60F96B0F-12C2-49D5-B005-D6D7B956FFFB}"
EndProject
Global
	GlobalSection(SolutionConfigurationPlatforms) = preSolution
		Debug|Any CPU = Debug|Any CPU
		Release|Any CPU = Release|Any CPU
	EndGlobalSection
	GlobalSection(ProjectConfigurationPlatforms) = postSolution
		{7379BEF1-334D-4813-B05B-8DD3F2C78A72}.Debug|Any CPU.ActiveCfg = Debug|Any CPU
		{7379BEF1-334D-4813-B05B-8DD3F2C78A72}.Debug|Any CPU.Build.0 = Debug|Any CPU
		{7379BEF1-334D-4813-B05B-8DD3F2C78A72}.Release|Any CPU.ActiveCfg = Release|Any CPU
		{7379BEF1-334D-4813-B05B-8DD3F2C78A72}.Release|Any CPU.Build.0 = Release|Any CPU
		{9A62453D-F642-4BEB-8AF1-CFF0AC6017ED}.Debug|Any CPU.ActiveCfg = Debug|Any CPU
		{9A62453D-F642-4BEB-8AF1-CFF0AC6017ED}.Debug|Any CPU.Build.0 = Debug|Any CPU
		{9A62453D-F642-4BEB-8AF1-CFF0AC6017ED}.Release|Any CPU.ActiveCfg = Release|Any CPU
		{9A62453D-F642-4BEB-8AF1-CFF0AC6017ED}.Release|Any CPU.Build.0 = Release|Any CPU
		{372BB713-A979-49BF-9B21-59BAC031A301}.Debug|Any CPU.ActiveCfg = Debug|Any CPU
		{372BB713-A979-49BF-9B21-59BAC031A301}.Debug|Any CPU.Build.0 = Debug|Any CPU
		{372BB713-A979-49BF-9B21-59BAC031A301}.Release|Any CPU.ActiveCfg = Release|Any CPU
		{372BB713-A979-49BF-9B21-59BAC031A301}.Release|Any CPU.Build.0 = Release|Any CPU
		{5D5335D8-36DC-4888-81AF-FC3C53122B4F}.Debug|Any CPU.ActiveCfg = Debug|Any CPU
		{5D5335D8-36DC-4888-81AF-FC3C53122B4F}.Debug|Any CPU.Build.0 = Debug|Any CPU
		{5D5335D8-36DC-4888-81AF-FC3C53122B4F}.Release|Any CPU.ActiveCfg = Release|Any CPU
		{5D5335D8-36DC-4888-81AF-FC3C53122B4F}.Release|Any CPU.Build.0 = Release|Any CPU
		{538B3A4D-3EDE-4A5C-865F-7619E7A75977}.Debug|Any CPU.ActiveCfg = Debug|Any CPU
		{538B3A4D-3EDE-4A5C-865F-7619E7A75977}.Debug|Any CPU.Build.0 = Debug|Any CPU
		{538B3A4D-3EDE-4A5C-865F-7619E7A75977}.Release|Any CPU.ActiveCfg = Release|Any CPU
		{538B3A4D-3EDE-4A5C-865F-7619E7A75977}.Release|Any CPU.Build.0 = Release|Any CPU
		{B4283335-0687-43A7-ADBB-6E1DCFB083F3}.Debug|Any CPU.ActiveCfg = Debug|Any CPU
		{B4283335-0687-43A7-ADBB-6E1DCFB083F3}.Debug|Any CPU.Build.0 = Debug|Any CPU
		{B4283335-0687-43A7-ADBB-6E1DCFB083F3}.Release|Any CPU.ActiveCfg = Release|Any CPU
		{B4283335-0687-43A7-ADBB-6E1DCFB083F3}.Release|Any CPU.Build.0 = Release|Any CPU
		{4BF7A971-6C55-487C-BA74-4E9A46A2BFEB}.Debug|Any CPU.ActiveCfg = Debug|Any CPU
		{4BF7A971-6C55-487C-BA74-4E9A46A2BFEB}.Debug|Any CPU.Build.0 = Debug|Any CPU
		{4BF7A971-6C55-487C-BA74-4E9A46A2BFEB}.Release|Any CPU.ActiveCfg = Release|Any CPU
		{4BF7A971-6C55-487C-BA74-4E9A46A2BFEB}.Release|Any CPU.Build.0 = Release|Any CPU
		{8E92C1AE-45A2-4559-B344-E013FDD2F950}.Debug|Any CPU.ActiveCfg = Debug|Any CPU
		{8E92C1AE-45A2-4559-B344-E013FDD2F950}.Debug|Any CPU.Build.0 = Debug|Any CPU
		{8E92C1AE-45A2-4559-B344-E013FDD2F950}.Release|Any CPU.ActiveCfg = Release|Any CPU
		{8E92C1AE-45A2-4559-B344-E013FDD2F950}.Release|Any CPU.Build.0 = Release|Any CPU
		{792694F6-4F73-46F4-B88D-108DA9418CF1}.Debug|Any CPU.ActiveCfg = Debug|Any CPU
		{792694F6-4F73-46F4-B88D-108DA9418CF1}.Debug|Any CPU.Build.0 = Debug|Any CPU
		{792694F6-4F73-46F4-B88D-108DA9418CF1}.Release|Any CPU.ActiveCfg = Release|Any CPU
		{792694F6-4F73-46F4-B88D-108DA9418CF1}.Release|Any CPU.Build.0 = Release|Any CPU
		{B03B4B85-C79A-4C80-9896-1417732FD5CC}.Debug|Any CPU.ActiveCfg = Debug|Any CPU
		{B03B4B85-C79A-4C80-9896-1417732FD5CC}.Debug|Any CPU.Build.0 = Debug|Any CPU
		{B03B4B85-C79A-4C80-9896-1417732FD5CC}.Release|Any CPU.ActiveCfg = Release|Any CPU
		{B03B4B85-C79A-4C80-9896-1417732FD5CC}.Release|Any CPU.Build.0 = Release|Any CPU
		{60F96B0F-12C2-49D5-B005-D6D7B956FFFB}.Debug|Any CPU.ActiveCfg = Debug|Any CPU
		{60F96B0F-12C2-49D5-B005-D6D7B956FFFB}.Debug|Any CPU.Build.0 = Debug|Any CPU
		{60F96B0F-12C2-49D5-B005-D6D7B956FFFB}.Release|Any CPU.ActiveCfg = Release|Any CPU
		{60F96B0F-12C2-49D5-B005-D6D7B956FFFB}.Release|Any CPU.Build.0 = Release|Any CPU
	EndGlobalSection
	GlobalSection(SolutionProperties) = preSolution
		HideSolutionNode = FALSE
	EndGlobalSection
	GlobalSection(ExtensibilityGlobals) = postSolution
		SolutionGuid = {9344425F-837A-4CB2-B0B9-692D67AC1DDD}
	EndGlobalSection
EndGlobal
