
Microsoft Visual Studio Solution File, Format Version 12.00
# Visual Studio 14
VisualStudioVersion = 14.0.25420.1
MinimumVisualStudioVersion = 10.0.40219.1
Project("{FAE04EC0-301F-11D3-BF4B-00C04F79EFBC}") = "ShibugakiViewer", "ShibugakiViewer\ShibugakiViewer.csproj", "{023518F5-440E-49AB-889A-1EE00ED61993}"
EndProject
Project("{FAE04EC0-301F-11D3-BF4B-00C04F79EFBC}") = "ShibugakiViewer.Launcher", "ShibugakiViewer.Launcher\ShibugakiViewer.Launcher.csproj", "{0AA696A5-ABC7-436E-8920-556DB65F8D4B}"
EndProject
Project("{FAE04EC0-301F-11D3-BF4B-00C04F79EFBC}") = "Database", "Database\Database.csproj", "{A3C50F5F-B23C-4298-A14B-EEC5913418F8}"
EndProject
Project("{FAE04EC0-301F-11D3-BF4B-00C04F79EFBC}") = "Cui", "Cui\Cui.csproj", "{9D7C0109-7B97-4CA3-9385-C8A072A3502E}"
EndProject
Project("{FAE04EC0-301F-11D3-BF4B-00C04F79EFBC}") = "ImageLibrary", "ImageLibrary\ImageLibrary.csproj", "{930B09F8-A4E1-44C7-B78F-09B185A754A7}"
EndProject
Project("{FAE04EC0-301F-11D3-BF4B-00C04F79EFBC}") = "Test", "Test\Test.csproj", "{6D6A27E8-B6D8-4642-875C-3E6A05A7C8F2}"
EndProject
Project("{FAE04EC0-301F-11D3-BF4B-00C04F79EFBC}") = "LibraryConverter", "LibraryConverter\LibraryConverter.csproj", "{8CA0C8C2-F7EC-4ED7-9DB6-D3FA208EBF93}"
EndProject
Project("{FAE04EC0-301F-11D3-BF4B-00C04F79EFBC}") = "CsCommon", "CsCommon\CsCommon.csproj", "{84DAD39A-811D-4C38-9A03-99DAAF96F191}"
EndProject
Project("{FAE04EC0-301F-11D3-BF4B-00C04F79EFBC}") = "WpfTools", "WpfTools\WpfTools.csproj", "{DE06A2D5-B092-4788-8050-59D253676D1F}"
EndProject
Global
	GlobalSection(SolutionConfigurationPlatforms) = preSolution
		Debug|Any CPU = Debug|Any CPU
		Release|Any CPU = Release|Any CPU
	EndGlobalSection
	GlobalSection(ProjectConfigurationPlatforms) = postSolution
		{023518F5-440E-49AB-889A-1EE00ED61993}.Debug|Any CPU.ActiveCfg = Debug|Any CPU
		{023518F5-440E-49AB-889A-1EE00ED61993}.Debug|Any CPU.Build.0 = Debug|Any CPU
		{023518F5-440E-49AB-889A-1EE00ED61993}.Release|Any CPU.ActiveCfg = Release|Any CPU
		{023518F5-440E-49AB-889A-1EE00ED61993}.Release|Any CPU.Build.0 = Release|Any CPU
		{0AA696A5-ABC7-436E-8920-556DB65F8D4B}.Debug|Any CPU.ActiveCfg = Debug|Any CPU
		{0AA696A5-ABC7-436E-8920-556DB65F8D4B}.Debug|Any CPU.Build.0 = Debug|Any CPU
		{0AA696A5-ABC7-436E-8920-556DB65F8D4B}.Release|Any CPU.ActiveCfg = Release|Any CPU
		{0AA696A5-ABC7-436E-8920-556DB65F8D4B}.Release|Any CPU.Build.0 = Release|Any CPU
		{A3C50F5F-B23C-4298-A14B-EEC5913418F8}.Debug|Any CPU.ActiveCfg = Debug|Any CPU
		{A3C50F5F-B23C-4298-A14B-EEC5913418F8}.Debug|Any CPU.Build.0 = Debug|Any CPU
		{A3C50F5F-B23C-4298-A14B-EEC5913418F8}.Release|Any CPU.ActiveCfg = Release|Any CPU
		{A3C50F5F-B23C-4298-A14B-EEC5913418F8}.Release|Any CPU.Build.0 = Release|Any CPU
		{9D7C0109-7B97-4CA3-9385-C8A072A3502E}.Debug|Any CPU.ActiveCfg = Debug|Any CPU
		{9D7C0109-7B97-4CA3-9385-C8A072A3502E}.Debug|Any CPU.Build.0 = Debug|Any CPU
		{9D7C0109-7B97-4CA3-9385-C8A072A3502E}.Release|Any CPU.ActiveCfg = Release|Any CPU
		{9D7C0109-7B97-4CA3-9385-C8A072A3502E}.Release|Any CPU.Build.0 = Release|Any CPU
		{930B09F8-A4E1-44C7-B78F-09B185A754A7}.Debug|Any CPU.ActiveCfg = Debug|Any CPU
		{930B09F8-A4E1-44C7-B78F-09B185A754A7}.Debug|Any CPU.Build.0 = Debug|Any CPU
		{930B09F8-A4E1-44C7-B78F-09B185A754A7}.Release|Any CPU.ActiveCfg = Release|Any CPU
		{930B09F8-A4E1-44C7-B78F-09B185A754A7}.Release|Any CPU.Build.0 = Release|Any CPU
		{6D6A27E8-B6D8-4642-875C-3E6A05A7C8F2}.Debug|Any CPU.ActiveCfg = Debug|Any CPU
		{6D6A27E8-B6D8-4642-875C-3E6A05A7C8F2}.Debug|Any CPU.Build.0 = Debug|Any CPU
		{6D6A27E8-B6D8-4642-875C-3E6A05A7C8F2}.Release|Any CPU.ActiveCfg = Release|Any CPU
		{6D6A27E8-B6D8-4642-875C-3E6A05A7C8F2}.Release|Any CPU.Build.0 = Release|Any CPU
		{8CA0C8C2-F7EC-4ED7-9DB6-D3FA208EBF93}.Debug|Any CPU.ActiveCfg = Debug|Any CPU
		{8CA0C8C2-F7EC-4ED7-9DB6-D3FA208EBF93}.Debug|Any CPU.Build.0 = Debug|Any CPU
		{8CA0C8C2-F7EC-4ED7-9DB6-D3FA208EBF93}.Release|Any CPU.ActiveCfg = Release|Any CPU
		{8CA0C8C2-F7EC-4ED7-9DB6-D3FA208EBF93}.Release|Any CPU.Build.0 = Release|Any CPU
		{84DAD39A-811D-4C38-9A03-99DAAF96F191}.Debug|Any CPU.ActiveCfg = Debug|Any CPU
		{84DAD39A-811D-4C38-9A03-99DAAF96F191}.Debug|Any CPU.Build.0 = Debug|Any CPU
		{84DAD39A-811D-4C38-9A03-99DAAF96F191}.Release|Any CPU.ActiveCfg = Release|Any CPU
		{84DAD39A-811D-4C38-9A03-99DAAF96F191}.Release|Any CPU.Build.0 = Release|Any CPU
		{DE06A2D5-B092-4788-8050-59D253676D1F}.Debug|Any CPU.ActiveCfg = Debug|Any CPU
		{DE06A2D5-B092-4788-8050-59D253676D1F}.Debug|Any CPU.Build.0 = Debug|Any CPU
		{DE06A2D5-B092-4788-8050-59D253676D1F}.Release|Any CPU.ActiveCfg = Release|Any CPU
		{DE06A2D5-B092-4788-8050-59D253676D1F}.Release|Any CPU.Build.0 = Release|Any CPU
	EndGlobalSection
	GlobalSection(SolutionProperties) = preSolution
		HideSolutionNode = FALSE
	EndGlobalSection
EndGlobal
