
Microsoft Visual Studio Solution File, Format Version 12.00
# Visual Studio 14
VisualStudioVersion = 14.0.25420.1
MinimumVisualStudioVersion = 10.0.40219.1
Project("{FAE04EC0-301F-11D3-BF4B-00C04F79EFBC}") = "ShibugakiViewer", "ShibugakiViewer\ShibugakiViewer.csproj", "{023518F5-440E-49AB-889A-1EE00ED61993}"
EndProject
Project("{FAE04EC0-301F-11D3-BF4B-00C04F79EFBC}") = "ShibugakiViewer.Launcher", "ShibugakiViewer.Launcher\ShibugakiViewer.Launcher.csproj", "{0AA696A5-ABC7-436E-8920-556DB65F8D4B}"
EndProject
Project("{FAE04EC0-301F-11D3-BF4B-00C04F79EFBC}") = "Database", "Database\Database.csproj", "{A3C50F5F-B23C-4298-A14B-EEC5913418F8}"
EndProject
Project("{FAE04EC0-301F-11D3-BF4B-00C04F79EFBC}") = "ImageLibrary", "ImageLibrary\ImageLibrary.csproj", "{930B09F8-A4E1-44C7-B78F-09B185A754A7}"
EndProject
Project("{FAE04EC0-301F-11D3-BF4B-00C04F79EFBC}") = "Test", "Test\Test.csproj", "{6D6A27E8-B6D8-4642-875C-3E6A05A7C8F2}"
EndProject
Project("{FAE04EC0-301F-11D3-BF4B-00C04F79EFBC}") = "LibraryConverter", "LibraryConverter\LibraryConverter.csproj", "{8CA0C8C2-F7EC-4ED7-9DB6-D3FA208EBF93}"
EndProject
Project("{FAE04EC0-301F-11D3-BF4B-00C04F79EFBC}") = "CsCommon", "CsCommon\CsCommon.csproj", "{84DAD39A-811D-4C38-9A03-99DAAF96F191}"
EndProject
Project("{FAE04EC0-301F-11D3-BF4B-00C04F79EFBC}") = "WpfTools", "WpfTools\WpfTools.csproj", "{DE06A2D5-B092-4788-8050-59D253676D1F}"
EndProject
Project("{FAE04EC0-301F-11D3-BF4B-00C04F79EFBC}") = "ShibugakiViewer.Backup", "ShibugakiViewer.Backup\ShibugakiViewer.Backup.csproj", "{145EB2E1-13B1-46D1-8B29-B3D546D41590}"
EndProject
Project("{FAE04EC0-301F-11D3-BF4B-00C04F79EFBC}") = "ShibugakiViewer.Settings", "ShibugakiViewer.Settings\ShibugakiViewer.Settings.csproj", "{E6DCFBEC-0739-4214-9067-F29708EB528B}"
EndProject
Project("{8BC9CEB8-8B4A-11D0-8D11-00A0C91BC942}") = "ExitApp", "ExitApp\ExitApp.vcxproj", "{BB76F343-4224-433A-8952-33B6C91B55A1}"
EndProject
Project("{FAE04EC0-301F-11D3-BF4B-00C04F79EFBC}") = "EditMsi", "EditMsi\EditMsi.csproj", "{78B88933-2FA9-4165-AC1B-B9EB561218FF}"
EndProject
Project("{54435603-DBB4-11D2-8724-00A0C9A8B90C}") = "SetupProject", "SetupProject\SetupProject.vdproj", "{EBED74ED-5171-4968-B6B8-7560EDD62B80}"
EndProject
Global
	GlobalSection(SolutionConfigurationPlatforms) = preSolution
		Debug|Any CPU = Debug|Any CPU
		Debug|x64 = Debug|x64
		Debug|x86 = Debug|x86
		Release|Any CPU = Release|Any CPU
		Release|x64 = Release|x64
		Release|x86 = Release|x86
	EndGlobalSection
	GlobalSection(ProjectConfigurationPlatforms) = postSolution
		{023518F5-440E-49AB-889A-1EE00ED61993}.Debug|Any CPU.ActiveCfg = Debug|Any CPU
		{023518F5-440E-49AB-889A-1EE00ED61993}.Debug|Any CPU.Build.0 = Debug|Any CPU
		{023518F5-440E-49AB-889A-1EE00ED61993}.Debug|x64.ActiveCfg = Debug|Any CPU
		{023518F5-440E-49AB-889A-1EE00ED61993}.Debug|x64.Build.0 = Debug|Any CPU
		{023518F5-440E-49AB-889A-1EE00ED61993}.Debug|x86.ActiveCfg = Debug|Any CPU
		{023518F5-440E-49AB-889A-1EE00ED61993}.Debug|x86.Build.0 = Debug|Any CPU
		{023518F5-440E-49AB-889A-1EE00ED61993}.Release|Any CPU.ActiveCfg = Release|Any CPU
		{023518F5-440E-49AB-889A-1EE00ED61993}.Release|Any CPU.Build.0 = Release|Any CPU
		{023518F5-440E-49AB-889A-1EE00ED61993}.Release|x64.ActiveCfg = Release|Any CPU
		{023518F5-440E-49AB-889A-1EE00ED61993}.Release|x64.Build.0 = Release|Any CPU
		{023518F5-440E-49AB-889A-1EE00ED61993}.Release|x86.ActiveCfg = Release|Any CPU
		{023518F5-440E-49AB-889A-1EE00ED61993}.Release|x86.Build.0 = Release|Any CPU
		{0AA696A5-ABC7-436E-8920-556DB65F8D4B}.Debug|Any CPU.ActiveCfg = Debug|Any CPU
		{0AA696A5-ABC7-436E-8920-556DB65F8D4B}.Debug|Any CPU.Build.0 = Debug|Any CPU
		{0AA696A5-ABC7-436E-8920-556DB65F8D4B}.Debug|x64.ActiveCfg = Debug|Any CPU
		{0AA696A5-ABC7-436E-8920-556DB65F8D4B}.Debug|x64.Build.0 = Debug|Any CPU
		{0AA696A5-ABC7-436E-8920-556DB65F8D4B}.Debug|x86.ActiveCfg = Debug|Any CPU
		{0AA696A5-ABC7-436E-8920-556DB65F8D4B}.Debug|x86.Build.0 = Debug|Any CPU
		{0AA696A5-ABC7-436E-8920-556DB65F8D4B}.Release|Any CPU.ActiveCfg = Release|Any CPU
		{0AA696A5-ABC7-436E-8920-556DB65F8D4B}.Release|Any CPU.Build.0 = Release|Any CPU
		{0AA696A5-ABC7-436E-8920-556DB65F8D4B}.Release|x64.ActiveCfg = Release|Any CPU
		{0AA696A5-ABC7-436E-8920-556DB65F8D4B}.Release|x64.Build.0 = Release|Any CPU
		{0AA696A5-ABC7-436E-8920-556DB65F8D4B}.Release|x86.ActiveCfg = Release|Any CPU
		{0AA696A5-ABC7-436E-8920-556DB65F8D4B}.Release|x86.Build.0 = Release|Any CPU
		{A3C50F5F-B23C-4298-A14B-EEC5913418F8}.Debug|Any CPU.ActiveCfg = Debug|Any CPU
		{A3C50F5F-B23C-4298-A14B-EEC5913418F8}.Debug|Any CPU.Build.0 = Debug|Any CPU
		{A3C50F5F-B23C-4298-A14B-EEC5913418F8}.Debug|x64.ActiveCfg = Debug|Any CPU
		{A3C50F5F-B23C-4298-A14B-EEC5913418F8}.Debug|x64.Build.0 = Debug|Any CPU
		{A3C50F5F-B23C-4298-A14B-EEC5913418F8}.Debug|x86.ActiveCfg = Debug|Any CPU
		{A3C50F5F-B23C-4298-A14B-EEC5913418F8}.Debug|x86.Build.0 = Debug|Any CPU
		{A3C50F5F-B23C-4298-A14B-EEC5913418F8}.Release|Any CPU.ActiveCfg = Release|Any CPU
		{A3C50F5F-B23C-4298-A14B-EEC5913418F8}.Release|Any CPU.Build.0 = Release|Any CPU
		{A3C50F5F-B23C-4298-A14B-EEC5913418F8}.Release|x64.ActiveCfg = Release|Any CPU
		{A3C50F5F-B23C-4298-A14B-EEC5913418F8}.Release|x64.Build.0 = Release|Any CPU
		{A3C50F5F-B23C-4298-A14B-EEC5913418F8}.Release|x86.ActiveCfg = Release|Any CPU
		{A3C50F5F-B23C-4298-A14B-EEC5913418F8}.Release|x86.Build.0 = Release|Any CPU
		{930B09F8-A4E1-44C7-B78F-09B185A754A7}.Debug|Any CPU.ActiveCfg = Debug|Any CPU
		{930B09F8-A4E1-44C7-B78F-09B185A754A7}.Debug|Any CPU.Build.0 = Debug|Any CPU
		{930B09F8-A4E1-44C7-B78F-09B185A754A7}.Debug|x64.ActiveCfg = Debug|Any CPU
		{930B09F8-A4E1-44C7-B78F-09B185A754A7}.Debug|x64.Build.0 = Debug|Any CPU
		{930B09F8-A4E1-44C7-B78F-09B185A754A7}.Debug|x86.ActiveCfg = Debug|Any CPU
		{930B09F8-A4E1-44C7-B78F-09B185A754A7}.Debug|x86.Build.0 = Debug|Any CPU
		{930B09F8-A4E1-44C7-B78F-09B185A754A7}.Release|Any CPU.ActiveCfg = Release|Any CPU
		{930B09F8-A4E1-44C7-B78F-09B185A754A7}.Release|Any CPU.Build.0 = Release|Any CPU
		{930B09F8-A4E1-44C7-B78F-09B185A754A7}.Release|x64.ActiveCfg = Release|Any CPU
		{930B09F8-A4E1-44C7-B78F-09B185A754A7}.Release|x64.Build.0 = Release|Any CPU
		{930B09F8-A4E1-44C7-B78F-09B185A754A7}.Release|x86.ActiveCfg = Release|Any CPU
		{930B09F8-A4E1-44C7-B78F-09B185A754A7}.Release|x86.Build.0 = Release|Any CPU
		{6D6A27E8-B6D8-4642-875C-3E6A05A7C8F2}.Debug|Any CPU.ActiveCfg = Debug|Any CPU
		{6D6A27E8-B6D8-4642-875C-3E6A05A7C8F2}.Debug|Any CPU.Build.0 = Debug|Any CPU
		{6D6A27E8-B6D8-4642-875C-3E6A05A7C8F2}.Debug|x64.ActiveCfg = Debug|Any CPU
		{6D6A27E8-B6D8-4642-875C-3E6A05A7C8F2}.Debug|x64.Build.0 = Debug|Any CPU
		{6D6A27E8-B6D8-4642-875C-3E6A05A7C8F2}.Debug|x86.ActiveCfg = Debug|Any CPU
		{6D6A27E8-B6D8-4642-875C-3E6A05A7C8F2}.Debug|x86.Build.0 = Debug|Any CPU
		{6D6A27E8-B6D8-4642-875C-3E6A05A7C8F2}.Release|Any CPU.ActiveCfg = Release|Any CPU
		{6D6A27E8-B6D8-4642-875C-3E6A05A7C8F2}.Release|Any CPU.Build.0 = Release|Any CPU
		{6D6A27E8-B6D8-4642-875C-3E6A05A7C8F2}.Release|x64.ActiveCfg = Release|Any CPU
		{6D6A27E8-B6D8-4642-875C-3E6A05A7C8F2}.Release|x64.Build.0 = Release|Any CPU
		{6D6A27E8-B6D8-4642-875C-3E6A05A7C8F2}.Release|x86.ActiveCfg = Release|Any CPU
		{6D6A27E8-B6D8-4642-875C-3E6A05A7C8F2}.Release|x86.Build.0 = Release|Any CPU
		{8CA0C8C2-F7EC-4ED7-9DB6-D3FA208EBF93}.Debug|Any CPU.ActiveCfg = Debug|Any CPU
		{8CA0C8C2-F7EC-4ED7-9DB6-D3FA208EBF93}.Debug|Any CPU.Build.0 = Debug|Any CPU
		{8CA0C8C2-F7EC-4ED7-9DB6-D3FA208EBF93}.Debug|x64.ActiveCfg = Debug|Any CPU
		{8CA0C8C2-F7EC-4ED7-9DB6-D3FA208EBF93}.Debug|x64.Build.0 = Debug|Any CPU
		{8CA0C8C2-F7EC-4ED7-9DB6-D3FA208EBF93}.Debug|x86.ActiveCfg = Debug|Any CPU
		{8CA0C8C2-F7EC-4ED7-9DB6-D3FA208EBF93}.Debug|x86.Build.0 = Debug|Any CPU
		{8CA0C8C2-F7EC-4ED7-9DB6-D3FA208EBF93}.Release|Any CPU.ActiveCfg = Release|Any CPU
		{8CA0C8C2-F7EC-4ED7-9DB6-D3FA208EBF93}.Release|Any CPU.Build.0 = Release|Any CPU
		{8CA0C8C2-F7EC-4ED7-9DB6-D3FA208EBF93}.Release|x64.ActiveCfg = Release|Any CPU
		{8CA0C8C2-F7EC-4ED7-9DB6-D3FA208EBF93}.Release|x64.Build.0 = Release|Any CPU
		{8CA0C8C2-F7EC-4ED7-9DB6-D3FA208EBF93}.Release|x86.ActiveCfg = Release|Any CPU
		{8CA0C8C2-F7EC-4ED7-9DB6-D3FA208EBF93}.Release|x86.Build.0 = Release|Any CPU
		{84DAD39A-811D-4C38-9A03-99DAAF96F191}.Debug|Any CPU.ActiveCfg = Debug|Any CPU
		{84DAD39A-811D-4C38-9A03-99DAAF96F191}.Debug|Any CPU.Build.0 = Debug|Any CPU
		{84DAD39A-811D-4C38-9A03-99DAAF96F191}.Debug|x64.ActiveCfg = Debug|Any CPU
		{84DAD39A-811D-4C38-9A03-99DAAF96F191}.Debug|x64.Build.0 = Debug|Any CPU
		{84DAD39A-811D-4C38-9A03-99DAAF96F191}.Debug|x86.ActiveCfg = Debug|Any CPU
		{84DAD39A-811D-4C38-9A03-99DAAF96F191}.Debug|x86.Build.0 = Debug|Any CPU
		{84DAD39A-811D-4C38-9A03-99DAAF96F191}.Release|Any CPU.ActiveCfg = Release|Any CPU
		{84DAD39A-811D-4C38-9A03-99DAAF96F191}.Release|Any CPU.Build.0 = Release|Any CPU
		{84DAD39A-811D-4C38-9A03-99DAAF96F191}.Release|x64.ActiveCfg = Release|Any CPU
		{84DAD39A-811D-4C38-9A03-99DAAF96F191}.Release|x64.Build.0 = Release|Any CPU
		{84DAD39A-811D-4C38-9A03-99DAAF96F191}.Release|x86.ActiveCfg = Release|Any CPU
		{84DAD39A-811D-4C38-9A03-99DAAF96F191}.Release|x86.Build.0 = Release|Any CPU
		{DE06A2D5-B092-4788-8050-59D253676D1F}.Debug|Any CPU.ActiveCfg = Debug|Any CPU
		{DE06A2D5-B092-4788-8050-59D253676D1F}.Debug|Any CPU.Build.0 = Debug|Any CPU
		{DE06A2D5-B092-4788-8050-59D253676D1F}.Debug|x64.ActiveCfg = Debug|Any CPU
		{DE06A2D5-B092-4788-8050-59D253676D1F}.Debug|x64.Build.0 = Debug|Any CPU
		{DE06A2D5-B092-4788-8050-59D253676D1F}.Debug|x86.ActiveCfg = Debug|Any CPU
		{DE06A2D5-B092-4788-8050-59D253676D1F}.Debug|x86.Build.0 = Debug|Any CPU
		{DE06A2D5-B092-4788-8050-59D253676D1F}.Release|Any CPU.ActiveCfg = Release|Any CPU
		{DE06A2D5-B092-4788-8050-59D253676D1F}.Release|Any CPU.Build.0 = Release|Any CPU
		{DE06A2D5-B092-4788-8050-59D253676D1F}.Release|x64.ActiveCfg = Release|Any CPU
		{DE06A2D5-B092-4788-8050-59D253676D1F}.Release|x64.Build.0 = Release|Any CPU
		{DE06A2D5-B092-4788-8050-59D253676D1F}.Release|x86.ActiveCfg = Release|Any CPU
		{DE06A2D5-B092-4788-8050-59D253676D1F}.Release|x86.Build.0 = Release|Any CPU
		{145EB2E1-13B1-46D1-8B29-B3D546D41590}.Debug|Any CPU.ActiveCfg = Debug|Any CPU
		{145EB2E1-13B1-46D1-8B29-B3D546D41590}.Debug|Any CPU.Build.0 = Debug|Any CPU
		{145EB2E1-13B1-46D1-8B29-B3D546D41590}.Debug|x64.ActiveCfg = Debug|Any CPU
		{145EB2E1-13B1-46D1-8B29-B3D546D41590}.Debug|x64.Build.0 = Debug|Any CPU
		{145EB2E1-13B1-46D1-8B29-B3D546D41590}.Debug|x86.ActiveCfg = Debug|Any CPU
		{145EB2E1-13B1-46D1-8B29-B3D546D41590}.Debug|x86.Build.0 = Debug|Any CPU
		{145EB2E1-13B1-46D1-8B29-B3D546D41590}.Release|Any CPU.ActiveCfg = Release|Any CPU
		{145EB2E1-13B1-46D1-8B29-B3D546D41590}.Release|Any CPU.Build.0 = Release|Any CPU
		{145EB2E1-13B1-46D1-8B29-B3D546D41590}.Release|x64.ActiveCfg = Release|Any CPU
		{145EB2E1-13B1-46D1-8B29-B3D546D41590}.Release|x64.Build.0 = Release|Any CPU
		{145EB2E1-13B1-46D1-8B29-B3D546D41590}.Release|x86.ActiveCfg = Release|Any CPU
		{145EB2E1-13B1-46D1-8B29-B3D546D41590}.Release|x86.Build.0 = Release|Any CPU
		{E6DCFBEC-0739-4214-9067-F29708EB528B}.Debug|Any CPU.ActiveCfg = Debug|Any CPU
		{E6DCFBEC-0739-4214-9067-F29708EB528B}.Debug|Any CPU.Build.0 = Debug|Any CPU
		{E6DCFBEC-0739-4214-9067-F29708EB528B}.Debug|x64.ActiveCfg = Debug|Any CPU
		{E6DCFBEC-0739-4214-9067-F29708EB528B}.Debug|x64.Build.0 = Debug|Any CPU
		{E6DCFBEC-0739-4214-9067-F29708EB528B}.Debug|x86.ActiveCfg = Debug|Any CPU
		{E6DCFBEC-0739-4214-9067-F29708EB528B}.Debug|x86.Build.0 = Debug|Any CPU
		{E6DCFBEC-0739-4214-9067-F29708EB528B}.Release|Any CPU.ActiveCfg = Release|Any CPU
		{E6DCFBEC-0739-4214-9067-F29708EB528B}.Release|Any CPU.Build.0 = Release|Any CPU
		{E6DCFBEC-0739-4214-9067-F29708EB528B}.Release|x64.ActiveCfg = Release|Any CPU
		{E6DCFBEC-0739-4214-9067-F29708EB528B}.Release|x64.Build.0 = Release|Any CPU
		{E6DCFBEC-0739-4214-9067-F29708EB528B}.Release|x86.ActiveCfg = Release|Any CPU
		{E6DCFBEC-0739-4214-9067-F29708EB528B}.Release|x86.Build.0 = Release|Any CPU
		{BB76F343-4224-433A-8952-33B6C91B55A1}.Debug|Any CPU.ActiveCfg = Debug|Win32
		{BB76F343-4224-433A-8952-33B6C91B55A1}.Debug|x64.ActiveCfg = Debug|x64
		{BB76F343-4224-433A-8952-33B6C91B55A1}.Debug|x64.Build.0 = Debug|x64
		{BB76F343-4224-433A-8952-33B6C91B55A1}.Debug|x86.ActiveCfg = Debug|Win32
		{BB76F343-4224-433A-8952-33B6C91B55A1}.Debug|x86.Build.0 = Debug|Win32
		{BB76F343-4224-433A-8952-33B6C91B55A1}.Release|Any CPU.ActiveCfg = Release|Win32
		{BB76F343-4224-433A-8952-33B6C91B55A1}.Release|x64.ActiveCfg = Release|x64
		{BB76F343-4224-433A-8952-33B6C91B55A1}.Release|x64.Build.0 = Release|x64
		{BB76F343-4224-433A-8952-33B6C91B55A1}.Release|x86.ActiveCfg = Release|Win32
		{BB76F343-4224-433A-8952-33B6C91B55A1}.Release|x86.Build.0 = Release|Win32
		{78B88933-2FA9-4165-AC1B-B9EB561218FF}.Debug|Any CPU.ActiveCfg = Debug|Any CPU
		{78B88933-2FA9-4165-AC1B-B9EB561218FF}.Debug|Any CPU.Build.0 = Debug|Any CPU
		{78B88933-2FA9-4165-AC1B-B9EB561218FF}.Debug|x64.ActiveCfg = Debug|Any CPU
		{78B88933-2FA9-4165-AC1B-B9EB561218FF}.Debug|x64.Build.0 = Debug|Any CPU
		{78B88933-2FA9-4165-AC1B-B9EB561218FF}.Debug|x86.ActiveCfg = Debug|Any CPU
		{78B88933-2FA9-4165-AC1B-B9EB561218FF}.Debug|x86.Build.0 = Debug|Any CPU
		{78B88933-2FA9-4165-AC1B-B9EB561218FF}.Release|Any CPU.ActiveCfg = Release|Any CPU
		{78B88933-2FA9-4165-AC1B-B9EB561218FF}.Release|Any CPU.Build.0 = Release|Any CPU
		{78B88933-2FA9-4165-AC1B-B9EB561218FF}.Release|x64.ActiveCfg = Release|Any CPU
		{78B88933-2FA9-4165-AC1B-B9EB561218FF}.Release|x64.Build.0 = Release|Any CPU
		{78B88933-2FA9-4165-AC1B-B9EB561218FF}.Release|x86.ActiveCfg = Release|Any CPU
		{78B88933-2FA9-4165-AC1B-B9EB561218FF}.Release|x86.Build.0 = Release|Any CPU
		{EBED74ED-5171-4968-B6B8-7560EDD62B80}.Debug|Any CPU.ActiveCfg = Debug
		{EBED74ED-5171-4968-B6B8-7560EDD62B80}.Debug|x64.ActiveCfg = Debug
		{EBED74ED-5171-4968-B6B8-7560EDD62B80}.Debug|x86.ActiveCfg = Debug
		{EBED74ED-5171-4968-B6B8-7560EDD62B80}.Release|Any CPU.ActiveCfg = Release
		{EBED74ED-5171-4968-B6B8-7560EDD62B80}.Release|x64.ActiveCfg = Release
		{EBED74ED-5171-4968-B6B8-7560EDD62B80}.Release|x86.ActiveCfg = Release
	EndGlobalSection
	GlobalSection(SolutionProperties) = preSolution
		HideSolutionNode = FALSE
	EndGlobalSection
EndGlobal
